// !$*UTF8*$!
{
	archiveVersion = 1;
	classes = {
	};
	objectVersion = 46;
	objects = {

/* Begin PBXBuildFile section */
		061EFA97AD586FFB6D7AB539 /* libPods.a in Frameworks */ = {isa = PBXBuildFile; fileRef = F2B2A589E21765D8302DA14C /* libPods.a */; };
		1D64BD081BFB0E1700D056AD /* NEUABDevMoniterViewController.m in Sources */ = {isa = PBXBuildFile; fileRef = 1D64BD071BFB0E1700D056AD /* NEUABDevMoniterViewController.m */; };
		1D64BD431BFC1AC600D056AD /* SMS_SDK.framework in Frameworks */ = {isa = PBXBuildFile; fileRef = 1D64BD421BFC1AC600D056AD /* SMS_SDK.framework */; };
		1D64BD681BFC1C7600D056AD /* MOBFoundation.framework in Frameworks */ = {isa = PBXBuildFile; fileRef = 1D64BD671BFC1C7600D056AD /* MOBFoundation.framework */; };
		1D64BD6A1BFC225100D056AD /* libicucore.dylib in Frameworks */ = {isa = PBXBuildFile; fileRef = 1D64BD691BFC225100D056AD /* libicucore.dylib */; };
		1D64BD6C1BFC225E00D056AD /* libz.dylib in Frameworks */ = {isa = PBXBuildFile; fileRef = 1D64BD6B1BFC225E00D056AD /* libz.dylib */; };
		1D64BD6E1BFC226A00D056AD /* MessageUI.framework in Frameworks */ = {isa = PBXBuildFile; fileRef = 1D64BD6D1BFC226A00D056AD /* MessageUI.framework */; };
		1D64BD701BFC227700D056AD /* JavaScriptCore.framework in Frameworks */ = {isa = PBXBuildFile; fileRef = 1D64BD6F1BFC227700D056AD /* JavaScriptCore.framework */; };
		1D64BD721BFC228600D056AD /* libstdc++.dylib in Frameworks */ = {isa = PBXBuildFile; fileRef = 1D64BD711BFC228600D056AD /* libstdc++.dylib */; };
		1D8C40D41BF9AE5D006FA630 /* main.m in Sources */ = {isa = PBXBuildFile; fileRef = 1D8C40D31BF9AE5D006FA630 /* main.m */; };
		1D8C40D71BF9AE5D006FA630 /* AppDelegate.m in Sources */ = {isa = PBXBuildFile; fileRef = 1D8C40D61BF9AE5D006FA630 /* AppDelegate.m */; };
		1D8C40DA1BF9AE5D006FA630 /* NeueduAirBox.xcdatamodeld in Sources */ = {isa = PBXBuildFile; fileRef = 1D8C40D81BF9AE5D006FA630 /* NeueduAirBox.xcdatamodeld */; };
		1D8C40E21BF9AE5D006FA630 /* Images.xcassets in Resources */ = {isa = PBXBuildFile; fileRef = 1D8C40E11BF9AE5D006FA630 /* Images.xcassets */; };
		1D8C40E51BF9AE5D006FA630 /* LaunchScreen.xib in Resources */ = {isa = PBXBuildFile; fileRef = 1D8C40E31BF9AE5D006FA630 /* LaunchScreen.xib */; };
		1D8C40F11BF9AE5E006FA630 /* NeueduAirBoxTests.m in Sources */ = {isa = PBXBuildFile; fileRef = 1D8C40F01BF9AE5E006FA630 /* NeueduAirBoxTests.m */; };
		1D8C40FC1BF9C2A2006FA630 /* NEUABHomeViewController.m in Sources */ = {isa = PBXBuildFile; fileRef = 1D8C40FB1BF9C2A2006FA630 /* NEUABHomeViewController.m */; };
		1D8C41081BF9CF8F006FA630 /* LogReg.storyboard in Resources */ = {isa = PBXBuildFile; fileRef = 1D8C41071BF9CF8F006FA630 /* LogReg.storyboard */; };
		1D8C410C1BF9CFC4006FA630 /* DevMoniter.storyboard in Resources */ = {isa = PBXBuildFile; fileRef = 1D8C410B1BF9CFC4006FA630 /* DevMoniter.storyboard */; };
		1D8C410E1BF9CFD3006FA630 /* Setting.storyboard in Resources */ = {isa = PBXBuildFile; fileRef = 1D8C410D1BF9CFD3006FA630 /* Setting.storyboard */; };
		1D8C41101BF9CFE0006FA630 /* Other.storyboard in Resources */ = {isa = PBXBuildFile; fileRef = 1D8C410F1BF9CFE0006FA630 /* Other.storyboard */; };
		1D8C41131BF9D78A006FA630 /* NEUABBaseViewController.m in Sources */ = {isa = PBXBuildFile; fileRef = 1D8C41121BF9D78A006FA630 /* NEUABBaseViewController.m */; };
		C75050FC1BFACEA3009B301F /* NEUABLogRegViewController.m in Sources */ = {isa = PBXBuildFile; fileRef = C75050F91BFACEA3009B301F /* NEUABLogRegViewController.m */; };
		C75050FD1BFACEA3009B301F /* NEUABResignViewController.m in Sources */ = {isa = PBXBuildFile; fileRef = C75050FB1BFACEA3009B301F /* NEUABResignViewController.m */; };
		C75051031BFACF32009B301F /* MBProgressHUD+MoreExtentions.m in Sources */ = {isa = PBXBuildFile; fileRef = C75051021BFACF32009B301F /* MBProgressHUD+MoreExtentions.m */; };
		C75051071BFACFF6009B301F /* ACSimpleKeychain.m in Sources */ = {isa = PBXBuildFile; fileRef = C75051061BFACFF6009B301F /* ACSimpleKeychain.m */; };
		C75275511BFC11A200E847C7 /* NEUABCounterView.m in Sources */ = {isa = PBXBuildFile; fileRef = C75275501BFC11A200E847C7 /* NEUABCounterView.m */; };
		C75275541BFC139100E847C7 /* NEUABThermometerView.m in Sources */ = {isa = PBXBuildFile; fileRef = C75275531BFC139100E847C7 /* NEUABThermometerView.m */; };
		C75275571BFC15DF00E847C7 /* NEUABThermometerTubeView.m in Sources */ = {isa = PBXBuildFile; fileRef = C75275561BFC15DF00E847C7 /* NEUABThermometerTubeView.m */; };
		C752755A1BFC16FF00E847C7 /* NEUABThermometerSummaryView.m in Sources */ = {isa = PBXBuildFile; fileRef = C75275591BFC16FF00E847C7 /* NEUABThermometerSummaryView.m */; };
		C7626AC01BFB1C5100EF0589 /* DevMng.storyboard in Resources */ = {isa = PBXBuildFile; fileRef = C7626ABB1BFB1C5100EF0589 /* DevMng.storyboard */; };
		C7626AC11BFB1C5100EF0589 /* NEUABDevMngTableViewController.m in Sources */ = {isa = PBXBuildFile; fileRef = C7626ABD1BFB1C5100EF0589 /* NEUABDevMngTableViewController.m */; };
		C7626AC21BFB1C5100EF0589 /* NEUABDevMngTableViewCell.m in Sources */ = {isa = PBXBuildFile; fileRef = C7626ABF1BFB1C5100EF0589 /* NEUABDevMngTableViewCell.m */; };
		C7626AC41BFB1CBF00EF0589 /* Property List.plist in Resources */ = {isa = PBXBuildFile; fileRef = C7626AC31BFB1CBF00EF0589 /* Property List.plist */; };
		C7626AC71BFB1CD000EF0589 /* NEUABEquipmentManageModel.m in Sources */ = {isa = PBXBuildFile; fileRef = C7626AC61BFB1CD000EF0589 /* NEUABEquipmentManageModel.m */; };
		C7626ACB1BFB1DAC00EF0589 /* NEUABAddDevMngViewController.m in Sources */ = {isa = PBXBuildFile; fileRef = C7626ACA1BFB1DAC00EF0589 /* NEUABAddDevMngViewController.m */; };
/* End PBXBuildFile section */

/* Begin PBXContainerItemProxy section */
		1D8C40EB1BF9AE5D006FA630 /* PBXContainerItemProxy */ = {
			isa = PBXContainerItemProxy;
			containerPortal = 1D8C40C61BF9AE5D006FA630 /* Project object */;
			proxyType = 1;
			remoteGlobalIDString = 1D8C40CD1BF9AE5D006FA630;
			remoteInfo = NeueduAirBox;
		};
/* End PBXContainerItemProxy section */

/* Begin PBXFileReference section */
		1D64BD061BFB0E1700D056AD /* NEUABDevMoniterViewController.h */ = {isa = PBXFileReference; fileEncoding = 4; lastKnownFileType = sourcecode.c.h; path = NEUABDevMoniterViewController.h; sourceTree = "<group>"; };
		1D64BD071BFB0E1700D056AD /* NEUABDevMoniterViewController.m */ = {isa = PBXFileReference; fileEncoding = 4; lastKnownFileType = sourcecode.c.objc; path = NEUABDevMoniterViewController.m; sourceTree = "<group>"; };
		1D64BD421BFC1AC600D056AD /* SMS_SDK.framework */ = {isa = PBXFileReference; lastKnownFileType = wrapper.framework; path = SMS_SDK.framework; sourceTree = "<group>"; };
		1D64BD671BFC1C7600D056AD /* MOBFoundation.framework */ = {isa = PBXFileReference; lastKnownFileType = wrapper.framework; path = MOBFoundation.framework; sourceTree = "<group>"; };
		1D64BD691BFC225100D056AD /* libicucore.dylib */ = {isa = PBXFileReference; lastKnownFileType = "compiled.mach-o.dylib"; name = libicucore.dylib; path = usr/lib/libicucore.dylib; sourceTree = SDKROOT; };
		1D64BD6B1BFC225E00D056AD /* libz.dylib */ = {isa = PBXFileReference; lastKnownFileType = "compiled.mach-o.dylib"; name = libz.dylib; path = usr/lib/libz.dylib; sourceTree = SDKROOT; };
		1D64BD6D1BFC226A00D056AD /* MessageUI.framework */ = {isa = PBXFileReference; lastKnownFileType = wrapper.framework; name = MessageUI.framework; path = System/Library/Frameworks/MessageUI.framework; sourceTree = SDKROOT; };
		1D64BD6F1BFC227700D056AD /* JavaScriptCore.framework */ = {isa = PBXFileReference; lastKnownFileType = wrapper.framework; name = JavaScriptCore.framework; path = System/Library/Frameworks/JavaScriptCore.framework; sourceTree = SDKROOT; };
		1D64BD711BFC228600D056AD /* libstdc++.dylib */ = {isa = PBXFileReference; lastKnownFileType = "compiled.mach-o.dylib"; name = "libstdc++.dylib"; path = "usr/lib/libstdc++.dylib"; sourceTree = SDKROOT; };
		1D8C40CE1BF9AE5D006FA630 /* NeueduAirBox.app */ = {isa = PBXFileReference; explicitFileType = wrapper.application; includeInIndex = 0; path = NeueduAirBox.app; sourceTree = BUILT_PRODUCTS_DIR; };
		1D8C40D21BF9AE5D006FA630 /* Info.plist */ = {isa = PBXFileReference; lastKnownFileType = text.plist.xml; path = Info.plist; sourceTree = "<group>"; };
		1D8C40D31BF9AE5D006FA630 /* main.m */ = {isa = PBXFileReference; lastKnownFileType = sourcecode.c.objc; path = main.m; sourceTree = "<group>"; };
		1D8C40D51BF9AE5D006FA630 /* AppDelegate.h */ = {isa = PBXFileReference; lastKnownFileType = sourcecode.c.h; path = AppDelegate.h; sourceTree = "<group>"; };
		1D8C40D61BF9AE5D006FA630 /* AppDelegate.m */ = {isa = PBXFileReference; lastKnownFileType = sourcecode.c.objc; path = AppDelegate.m; sourceTree = "<group>"; };
		1D8C40D91BF9AE5D006FA630 /* NeueduAirBox.xcdatamodel */ = {isa = PBXFileReference; lastKnownFileType = wrapper.xcdatamodel; path = NeueduAirBox.xcdatamodel; sourceTree = "<group>"; };
		1D8C40E11BF9AE5D006FA630 /* Images.xcassets */ = {isa = PBXFileReference; lastKnownFileType = folder.assetcatalog; path = Images.xcassets; sourceTree = "<group>"; };
		1D8C40E41BF9AE5D006FA630 /* Base */ = {isa = PBXFileReference; lastKnownFileType = file.xib; name = Base; path = Base.lproj/LaunchScreen.xib; sourceTree = "<group>"; };
		1D8C40EA1BF9AE5D006FA630 /* NeueduAirBoxTests.xctest */ = {isa = PBXFileReference; explicitFileType = wrapper.cfbundle; includeInIndex = 0; path = NeueduAirBoxTests.xctest; sourceTree = BUILT_PRODUCTS_DIR; };
		1D8C40EF1BF9AE5E006FA630 /* Info.plist */ = {isa = PBXFileReference; lastKnownFileType = text.plist.xml; path = Info.plist; sourceTree = "<group>"; };
		1D8C40F01BF9AE5E006FA630 /* NeueduAirBoxTests.m */ = {isa = PBXFileReference; lastKnownFileType = sourcecode.c.objc; path = NeueduAirBoxTests.m; sourceTree = "<group>"; };
		1D8C40FA1BF9C2A2006FA630 /* NEUABHomeViewController.h */ = {isa = PBXFileReference; fileEncoding = 4; lastKnownFileType = sourcecode.c.h; path = NEUABHomeViewController.h; sourceTree = "<group>"; };
		1D8C40FB1BF9C2A2006FA630 /* NEUABHomeViewController.m */ = {isa = PBXFileReference; fileEncoding = 4; lastKnownFileType = sourcecode.c.objc; path = NEUABHomeViewController.m; sourceTree = "<group>"; };
		1D8C41071BF9CF8F006FA630 /* LogReg.storyboard */ = {isa = PBXFileReference; fileEncoding = 4; lastKnownFileType = file.storyboard; path = LogReg.storyboard; sourceTree = "<group>"; };
		1D8C410B1BF9CFC4006FA630 /* DevMoniter.storyboard */ = {isa = PBXFileReference; fileEncoding = 4; lastKnownFileType = file.storyboard; path = DevMoniter.storyboard; sourceTree = "<group>"; };
		1D8C410D1BF9CFD3006FA630 /* Setting.storyboard */ = {isa = PBXFileReference; fileEncoding = 4; lastKnownFileType = file.storyboard; path = Setting.storyboard; sourceTree = "<group>"; };
		1D8C410F1BF9CFE0006FA630 /* Other.storyboard */ = {isa = PBXFileReference; fileEncoding = 4; lastKnownFileType = file.storyboard; path = Other.storyboard; sourceTree = "<group>"; };
		1D8C41111BF9D78A006FA630 /* NEUABBaseViewController.h */ = {isa = PBXFileReference; fileEncoding = 4; lastKnownFileType = sourcecode.c.h; path = NEUABBaseViewController.h; sourceTree = "<group>"; };
		1D8C41121BF9D78A006FA630 /* NEUABBaseViewController.m */ = {isa = PBXFileReference; fileEncoding = 4; lastKnownFileType = sourcecode.c.objc; path = NEUABBaseViewController.m; sourceTree = "<group>"; };
		32417D847B8495B3B5C73AFB /* Pods.debug.xcconfig */ = {isa = PBXFileReference; includeInIndex = 1; lastKnownFileType = text.xcconfig; name = Pods.debug.xcconfig; path = "Pods/Target Support Files/Pods/Pods.debug.xcconfig"; sourceTree = "<group>"; };
		50244E1DFCC68305C741E490 /* Pods.release.xcconfig */ = {isa = PBXFileReference; includeInIndex = 1; lastKnownFileType = text.xcconfig; name = Pods.release.xcconfig; path = "Pods/Target Support Files/Pods/Pods.release.xcconfig"; sourceTree = "<group>"; };
		C75050F81BFACEA3009B301F /* NEUABLogRegViewController.h */ = {isa = PBXFileReference; fileEncoding = 4; lastKnownFileType = sourcecode.c.h; path = NEUABLogRegViewController.h; sourceTree = "<group>"; };
		C75050F91BFACEA3009B301F /* NEUABLogRegViewController.m */ = {isa = PBXFileReference; fileEncoding = 4; lastKnownFileType = sourcecode.c.objc; path = NEUABLogRegViewController.m; sourceTree = "<group>"; };
		C75050FA1BFACEA3009B301F /* NEUABResignViewController.h */ = {isa = PBXFileReference; fileEncoding = 4; lastKnownFileType = sourcecode.c.h; path = NEUABResignViewController.h; sourceTree = "<group>"; };
		C75050FB1BFACEA3009B301F /* NEUABResignViewController.m */ = {isa = PBXFileReference; fileEncoding = 4; lastKnownFileType = sourcecode.c.objc; path = NEUABResignViewController.m; sourceTree = "<group>"; };
		C75051011BFACF2A009B301F /* MBProgressHUD+MoreExtentions.h */ = {isa = PBXFileReference; fileEncoding = 4; lastKnownFileType = sourcecode.c.h; path = "MBProgressHUD+MoreExtentions.h"; sourceTree = "<group>"; };
		C75051021BFACF32009B301F /* MBProgressHUD+MoreExtentions.m */ = {isa = PBXFileReference; fileEncoding = 4; lastKnownFileType = sourcecode.c.objc; path = "MBProgressHUD+MoreExtentions.m"; sourceTree = "<group>"; };
		C75051051BFACFF6009B301F /* ACSimpleKeychain.h */ = {isa = PBXFileReference; fileEncoding = 4; lastKnownFileType = sourcecode.c.h; path = ACSimpleKeychain.h; sourceTree = "<group>"; };
		C75051061BFACFF6009B301F /* ACSimpleKeychain.m */ = {isa = PBXFileReference; fileEncoding = 4; lastKnownFileType = sourcecode.c.objc; path = ACSimpleKeychain.m; sourceTree = "<group>"; };
		C752754F1BFC11A200E847C7 /* NEUABCounterView.h */ = {isa = PBXFileReference; fileEncoding = 4; lastKnownFileType = sourcecode.c.h; path = NEUABCounterView.h; sourceTree = "<group>"; };
		C75275501BFC11A200E847C7 /* NEUABCounterView.m */ = {isa = PBXFileReference; fileEncoding = 4; lastKnownFileType = sourcecode.c.objc; path = NEUABCounterView.m; sourceTree = "<group>"; };
		C75275521BFC139100E847C7 /* NEUABThermometerView.h */ = {isa = PBXFileReference; fileEncoding = 4; lastKnownFileType = sourcecode.c.h; path = NEUABThermometerView.h; sourceTree = "<group>"; };
		C75275531BFC139100E847C7 /* NEUABThermometerView.m */ = {isa = PBXFileReference; fileEncoding = 4; lastKnownFileType = sourcecode.c.objc; path = NEUABThermometerView.m; sourceTree = "<group>"; };
		C75275551BFC15DF00E847C7 /* NEUABThermometerTubeView.h */ = {isa = PBXFileReference; fileEncoding = 4; lastKnownFileType = sourcecode.c.h; path = NEUABThermometerTubeView.h; sourceTree = "<group>"; };
		C75275561BFC15DF00E847C7 /* NEUABThermometerTubeView.m */ = {isa = PBXFileReference; fileEncoding = 4; lastKnownFileType = sourcecode.c.objc; path = NEUABThermometerTubeView.m; sourceTree = "<group>"; };
		C75275581BFC16FF00E847C7 /* NEUABThermometerSummaryView.h */ = {isa = PBXFileReference; fileEncoding = 4; lastKnownFileType = sourcecode.c.h; path = NEUABThermometerSummaryView.h; sourceTree = "<group>"; };
		C75275591BFC16FF00E847C7 /* NEUABThermometerSummaryView.m */ = {isa = PBXFileReference; fileEncoding = 4; lastKnownFileType = sourcecode.c.objc; path = NEUABThermometerSummaryView.m; sourceTree = "<group>"; };
		C7626ABB1BFB1C5100EF0589 /* DevMng.storyboard */ = {isa = PBXFileReference; fileEncoding = 4; lastKnownFileType = file.storyboard; path = DevMng.storyboard; sourceTree = "<group>"; };
		C7626ABC1BFB1C5100EF0589 /* NEUABDevMngTableViewController.h */ = {isa = PBXFileReference; fileEncoding = 4; lastKnownFileType = sourcecode.c.h; path = NEUABDevMngTableViewController.h; sourceTree = "<group>"; };
		C7626ABD1BFB1C5100EF0589 /* NEUABDevMngTableViewController.m */ = {isa = PBXFileReference; fileEncoding = 4; lastKnownFileType = sourcecode.c.objc; path = NEUABDevMngTableViewController.m; sourceTree = "<group>"; };
		C7626ABE1BFB1C5100EF0589 /* NEUABDevMngTableViewCell.h */ = {isa = PBXFileReference; fileEncoding = 4; lastKnownFileType = sourcecode.c.h; path = NEUABDevMngTableViewCell.h; sourceTree = "<group>"; };
		C7626ABF1BFB1C5100EF0589 /* NEUABDevMngTableViewCell.m */ = {isa = PBXFileReference; fileEncoding = 4; lastKnownFileType = sourcecode.c.objc; path = NEUABDevMngTableViewCell.m; sourceTree = "<group>"; };
		C7626AC31BFB1CBF00EF0589 /* Property List.plist */ = {isa = PBXFileReference; fileEncoding = 4; lastKnownFileType = text.plist.xml; path = "Property List.plist"; sourceTree = "<group>"; };
		C7626AC51BFB1CD000EF0589 /* NEUABEquipmentManageModel.h */ = {isa = PBXFileReference; fileEncoding = 4; lastKnownFileType = sourcecode.c.h; path = NEUABEquipmentManageModel.h; sourceTree = "<group>"; };
		C7626AC61BFB1CD000EF0589 /* NEUABEquipmentManageModel.m */ = {isa = PBXFileReference; fileEncoding = 4; lastKnownFileType = sourcecode.c.objc; path = NEUABEquipmentManageModel.m; sourceTree = "<group>"; };
		C7626AC91BFB1DAC00EF0589 /* NEUABAddDevMngViewController.h */ = {isa = PBXFileReference; fileEncoding = 4; lastKnownFileType = sourcecode.c.h; path = NEUABAddDevMngViewController.h; sourceTree = "<group>"; };
		C7626ACA1BFB1DAC00EF0589 /* NEUABAddDevMngViewController.m */ = {isa = PBXFileReference; fileEncoding = 4; lastKnownFileType = sourcecode.c.objc; path = NEUABAddDevMngViewController.m; sourceTree = "<group>"; };
		F2B2A589E21765D8302DA14C /* libPods.a */ = {isa = PBXFileReference; explicitFileType = archive.ar; includeInIndex = 0; path = libPods.a; sourceTree = BUILT_PRODUCTS_DIR; };
/* End PBXFileReference section */

/* Begin PBXFrameworksBuildPhase section */
		1D8C40CB1BF9AE5D006FA630 /* Frameworks */ = {
			isa = PBXFrameworksBuildPhase;
			buildActionMask = 2147483647;
			files = (
				1D64BD721BFC228600D056AD /* libstdc++.dylib in Frameworks */,
				1D64BD701BFC227700D056AD /* JavaScriptCore.framework in Frameworks */,
				1D64BD6E1BFC226A00D056AD /* MessageUI.framework in Frameworks */,
				1D64BD6C1BFC225E00D056AD /* libz.dylib in Frameworks */,
				1D64BD6A1BFC225100D056AD /* libicucore.dylib in Frameworks */,
				1D64BD681BFC1C7600D056AD /* MOBFoundation.framework in Frameworks */,
				061EFA97AD586FFB6D7AB539 /* libPods.a in Frameworks */,
				1D64BD431BFC1AC600D056AD /* SMS_SDK.framework in Frameworks */,
			);
			runOnlyForDeploymentPostprocessing = 0;
		};
		1D8C40E71BF9AE5D006FA630 /* Frameworks */ = {
			isa = PBXFrameworksBuildPhase;
			buildActionMask = 2147483647;
			files = (
			);
			runOnlyForDeploymentPostprocessing = 0;
		};
/* End PBXFrameworksBuildPhase section */

/* Begin PBXGroup section */
		1D8C40C51BF9AE5D006FA630 = {
			isa = PBXGroup;
			children = (
				1D8C40D01BF9AE5D006FA630 /* NeueduAirBox */,
				1D8C40ED1BF9AE5D006FA630 /* NeueduAirBoxTests */,
				1D8C40CF1BF9AE5D006FA630 /* Products */,
				4160BBAB8790AD061D3D04FF /* Pods */,
				7680D5C5E72CB784D75B4219 /* Frameworks */,
			);
			sourceTree = "<group>";
		};
		1D8C40CF1BF9AE5D006FA630 /* Products */ = {
			isa = PBXGroup;
			children = (
				1D8C40CE1BF9AE5D006FA630 /* NeueduAirBox.app */,
				1D8C40EA1BF9AE5D006FA630 /* NeueduAirBoxTests.xctest */,
			);
			name = Products;
			sourceTree = "<group>";
		};
		1D8C40D01BF9AE5D006FA630 /* NeueduAirBox */ = {
			isa = PBXGroup;
			children = (
				C75051001BFACF07009B301F /* Other */,
				1D8C41001BF9C82C006FA630 /* Common */,
				1D8C40FF1BF9C81B006FA630 /* Views */,
				1D8C40FE1BF9C815006FA630 /* Models */,
				1D8C40FD1BF9C80A006FA630 /* Controllers */,
				1D8C40E11BF9AE5D006FA630 /* Images.xcassets */,
				1D8C40E31BF9AE5D006FA630 /* LaunchScreen.xib */,
				1D8C40D81BF9AE5D006FA630 /* NeueduAirBox.xcdatamodeld */,
				1D8C40D11BF9AE5D006FA630 /* Supporting Files */,
			);
			path = NeueduAirBox;
			sourceTree = "<group>";
		};
		1D8C40D11BF9AE5D006FA630 /* Supporting Files */ = {
			isa = PBXGroup;
			children = (
				1D8C40D21BF9AE5D006FA630 /* Info.plist */,
				1D8C40D31BF9AE5D006FA630 /* main.m */,
			);
			name = "Supporting Files";
			sourceTree = "<group>";
		};
		1D8C40ED1BF9AE5D006FA630 /* NeueduAirBoxTests */ = {
			isa = PBXGroup;
			children = (
				1D8C40F01BF9AE5E006FA630 /* NeueduAirBoxTests.m */,
				1D8C40EE1BF9AE5E006FA630 /* Supporting Files */,
			);
			path = NeueduAirBoxTests;
			sourceTree = "<group>";
		};
		1D8C40EE1BF9AE5E006FA630 /* Supporting Files */ = {
			isa = PBXGroup;
			children = (
				1D8C40EF1BF9AE5E006FA630 /* Info.plist */,
			);
			name = "Supporting Files";
			sourceTree = "<group>";
		};
		1D8C40FD1BF9C80A006FA630 /* Controllers */ = {
			isa = PBXGroup;
			children = (
				1D8C41061BF9CF72006FA630 /* 其他 */,
				1D8C41051BF9CF6A006FA630 /* 设置 */,
				1D8C41041BF9CF5D006FA630 /* 实时查看 */,
				1D8C41031BF9CF54006FA630 /* 设备管理 */,
				1D8C41021BF9CF4C006FA630 /* 注册登录 */,
				1D8C41011BF9C835006FA630 /* 首页 */,
			);
			name = Controllers;
			sourceTree = "<group>";
		};
		1D8C40FE1BF9C815006FA630 /* Models */ = {
			isa = PBXGroup;
			children = (
				C7626AC51BFB1CD000EF0589 /* NEUABEquipmentManageModel.h */,
				C7626AC61BFB1CD000EF0589 /* NEUABEquipmentManageModel.m */,
			);
			name = Models;
			sourceTree = "<group>";
		};
		1D8C40FF1BF9C81B006FA630 /* Views */ = {
			isa = PBXGroup;
			children = (
				C752755B1BFC194400E847C7 /* 温度计工具 */,
			);
			name = Views;
			sourceTree = "<group>";
		};
		1D8C41001BF9C82C006FA630 /* Common */ = {
			isa = PBXGroup;
			children = (
				1D8C41111BF9D78A006FA630 /* NEUABBaseViewController.h */,
				1D8C41121BF9D78A006FA630 /* NEUABBaseViewController.m */,
			);
			name = Common;
			sourceTree = "<group>";
		};
		1D8C41011BF9C835006FA630 /* 首页 */ = {
			isa = PBXGroup;
			children = (
				1D8C40FA1BF9C2A2006FA630 /* NEUABHomeViewController.h */,
				1D8C40FB1BF9C2A2006FA630 /* NEUABHomeViewController.m */,
			);
			name = "首页";
			sourceTree = "<group>";
		};
		1D8C41021BF9CF4C006FA630 /* 注册登录 */ = {
			isa = PBXGroup;
			children = (
				1D8C41071BF9CF8F006FA630 /* LogReg.storyboard */,
				C75050F81BFACEA3009B301F /* NEUABLogRegViewController.h */,
				C75050F91BFACEA3009B301F /* NEUABLogRegViewController.m */,
				C75050FA1BFACEA3009B301F /* NEUABResignViewController.h */,
				C75050FB1BFACEA3009B301F /* NEUABResignViewController.m */,
			);
			name = "注册登录";
			sourceTree = "<group>";
		};
		1D8C41031BF9CF54006FA630 /* 设备管理 */ = {
			isa = PBXGroup;
			children = (
				C7626AC81BFB1D8600EF0589 /* 添加设备 */,
				C7626ABB1BFB1C5100EF0589 /* DevMng.storyboard */,
				C7626ABC1BFB1C5100EF0589 /* NEUABDevMngTableViewController.h */,
				C7626ABD1BFB1C5100EF0589 /* NEUABDevMngTableViewController.m */,
				C7626ABE1BFB1C5100EF0589 /* NEUABDevMngTableViewCell.h */,
				C7626ABF1BFB1C5100EF0589 /* NEUABDevMngTableViewCell.m */,
			);
			name = "设备管理";
			sourceTree = "<group>";
		};
		1D8C41041BF9CF5D006FA630 /* 实时查看 */ = {
			isa = PBXGroup;
			children = (
				1D64BD061BFB0E1700D056AD /* NEUABDevMoniterViewController.h */,
				1D64BD071BFB0E1700D056AD /* NEUABDevMoniterViewController.m */,
				1D8C410B1BF9CFC4006FA630 /* DevMoniter.storyboard */,
			);
			name = "实时查看";
			sourceTree = "<group>";
		};
		1D8C41051BF9CF6A006FA630 /* 设置 */ = {
			isa = PBXGroup;
			children = (
				1D8C410D1BF9CFD3006FA630 /* Setting.storyboard */,
			);
			name = "设置";
			sourceTree = "<group>";
		};
		1D8C41061BF9CF72006FA630 /* 其他 */ = {
			isa = PBXGroup;
			children = (
				1D8C410F1BF9CFE0006FA630 /* Other.storyboard */,
			);
			name = "其他";
			sourceTree = "<group>";
		};
		4160BBAB8790AD061D3D04FF /* Pods */ = {
			isa = PBXGroup;
			children = (
				32417D847B8495B3B5C73AFB /* Pods.debug.xcconfig */,
				50244E1DFCC68305C741E490 /* Pods.release.xcconfig */,
			);
			name = Pods;
			sourceTree = "<group>";
		};
		7680D5C5E72CB784D75B4219 /* Frameworks */ = {
			isa = PBXGroup;
			children = (
				1D64BD711BFC228600D056AD /* libstdc++.dylib */,
				1D64BD6F1BFC227700D056AD /* JavaScriptCore.framework */,
				1D64BD6D1BFC226A00D056AD /* MessageUI.framework */,
				1D64BD6B1BFC225E00D056AD /* libz.dylib */,
				1D64BD691BFC225100D056AD /* libicucore.dylib */,
				1D64BD671BFC1C7600D056AD /* MOBFoundation.framework */,
				1D64BD421BFC1AC600D056AD /* SMS_SDK.framework */,
				F2B2A589E21765D8302DA14C /* libPods.a */,
			);
			name = Frameworks;
			sourceTree = "<group>";
		};
		C75050FE1BFACEE8009B301F /* Category */ = {
			isa = PBXGroup;
			children = (
				C75051011BFACF2A009B301F /* MBProgressHUD+MoreExtentions.h */,
				C75051021BFACF32009B301F /* MBProgressHUD+MoreExtentions.m */,
			);
			name = Category;
			sourceTree = "<group>";
		};
		C75050FF1BFACEF7009B301F /* Tool */ = {
			isa = PBXGroup;
			children = (
				C75051041BFACFDB009B301F /* 保存密码 */,
			);
			name = Tool;
			sourceTree = "<group>";
		};
		C75051001BFACF07009B301F /* Other */ = {
			isa = PBXGroup;
			children = (
				C7626AC31BFB1CBF00EF0589 /* Property List.plist */,
				1D8C40D51BF9AE5D006FA630 /* AppDelegate.h */,
				1D8C40D61BF9AE5D006FA630 /* AppDelegate.m */,
				C75050FE1BFACEE8009B301F /* Category */,
				C75050FF1BFACEF7009B301F /* Tool */,
			);
			name = Other;
			sourceTree = "<group>";
		};
		C75051041BFACFDB009B301F /* 保存密码 */ = {
			isa = PBXGroup;
			children = (
				C75051051BFACFF6009B301F /* ACSimpleKeychain.h */,
				C75051061BFACFF6009B301F /* ACSimpleKeychain.m */,
			);
			name = "保存密码";
			sourceTree = "<group>";
		};
		C752755B1BFC194400E847C7 /* 温度计工具 */ = {
			isa = PBXGroup;
			children = (
				C752754F1BFC11A200E847C7 /* NEUABCounterView.h */,
				C75275501BFC11A200E847C7 /* NEUABCounterView.m */,
				C75275521BFC139100E847C7 /* NEUABThermometerView.h */,
				C75275531BFC139100E847C7 /* NEUABThermometerView.m */,
				C75275551BFC15DF00E847C7 /* NEUABThermometerTubeView.h */,
				C75275561BFC15DF00E847C7 /* NEUABThermometerTubeView.m */,
				C75275581BFC16FF00E847C7 /* NEUABThermometerSummaryView.h */,
				C75275591BFC16FF00E847C7 /* NEUABThermometerSummaryView.m */,
			);
			name = "温度计工具";
			sourceTree = "<group>";
		};
		C7626AC81BFB1D8600EF0589 /* 添加设备 */ = {
			isa = PBXGroup;
			children = (
				C7626AC91BFB1DAC00EF0589 /* NEUABAddDevMngViewController.h */,
				C7626ACA1BFB1DAC00EF0589 /* NEUABAddDevMngViewController.m */,
			);
			name = "添加设备";
			sourceTree = "<group>";
		};
/* End PBXGroup section */

/* Begin PBXNativeTarget section */
		1D8C40CD1BF9AE5D006FA630 /* NeueduAirBox */ = {
			isa = PBXNativeTarget;
			buildConfigurationList = 1D8C40F41BF9AE5E006FA630 /* Build configuration list for PBXNativeTarget "NeueduAirBox" */;
			buildPhases = (
				FA7C71400907AA6EFA351F16 /* Check Pods Manifest.lock */,
				1D8C40CA1BF9AE5D006FA630 /* Sources */,
				1D8C40CB1BF9AE5D006FA630 /* Frameworks */,
				1D8C40CC1BF9AE5D006FA630 /* Resources */,
				915D140779AC85A93C4B73BD /* Copy Pods Resources */,
			);
			buildRules = (
			);
			dependencies = (
			);
			name = NeueduAirBox;
			productName = NeueduAirBox;
			productReference = 1D8C40CE1BF9AE5D006FA630 /* NeueduAirBox.app */;
			productType = "com.apple.product-type.application";
		};
		1D8C40E91BF9AE5D006FA630 /* NeueduAirBoxTests */ = {
			isa = PBXNativeTarget;
			buildConfigurationList = 1D8C40F71BF9AE5E006FA630 /* Build configuration list for PBXNativeTarget "NeueduAirBoxTests" */;
			buildPhases = (
				1D8C40E61BF9AE5D006FA630 /* Sources */,
				1D8C40E71BF9AE5D006FA630 /* Frameworks */,
				1D8C40E81BF9AE5D006FA630 /* Resources */,
			);
			buildRules = (
			);
			dependencies = (
				1D8C40EC1BF9AE5D006FA630 /* PBXTargetDependency */,
			);
			name = NeueduAirBoxTests;
			productName = NeueduAirBoxTests;
			productReference = 1D8C40EA1BF9AE5D006FA630 /* NeueduAirBoxTests.xctest */;
			productType = "com.apple.product-type.bundle.unit-test";
		};
/* End PBXNativeTarget section */

/* Begin PBXProject section */
		1D8C40C61BF9AE5D006FA630 /* Project object */ = {
			isa = PBXProject;
			attributes = {
				LastUpgradeCheck = 0630;
				ORGANIZATIONNAME = hegf;
				TargetAttributes = {
					1D8C40CD1BF9AE5D006FA630 = {
						CreatedOnToolsVersion = 6.3.2;
					};
					1D8C40E91BF9AE5D006FA630 = {
						CreatedOnToolsVersion = 6.3.2;
						TestTargetID = 1D8C40CD1BF9AE5D006FA630;
					};
				};
			};
			buildConfigurationList = 1D8C40C91BF9AE5D006FA630 /* Build configuration list for PBXProject "NeueduAirBox" */;
			compatibilityVersion = "Xcode 3.2";
			developmentRegion = English;
			hasScannedForEncodings = 0;
			knownRegions = (
				en,
				Base,
			);
			mainGroup = 1D8C40C51BF9AE5D006FA630;
			productRefGroup = 1D8C40CF1BF9AE5D006FA630 /* Products */;
			projectDirPath = "";
			projectRoot = "";
			targets = (
				1D8C40CD1BF9AE5D006FA630 /* NeueduAirBox */,
				1D8C40E91BF9AE5D006FA630 /* NeueduAirBoxTests */,
			);
		};
/* End PBXProject section */

/* Begin PBXResourcesBuildPhase section */
		1D8C40CC1BF9AE5D006FA630 /* Resources */ = {
			isa = PBXResourcesBuildPhase;
			buildActionMask = 2147483647;
			files = (
				1D8C40E51BF9AE5D006FA630 /* LaunchScreen.xib in Resources */,
				1D8C410C1BF9CFC4006FA630 /* DevMoniter.storyboard in Resources */,
				C7626AC01BFB1C5100EF0589 /* DevMng.storyboard in Resources */,
				1D8C41081BF9CF8F006FA630 /* LogReg.storyboard in Resources */,
				1D8C41101BF9CFE0006FA630 /* Other.storyboard in Resources */,
				1D8C40E21BF9AE5D006FA630 /* Images.xcassets in Resources */,
				C7626AC41BFB1CBF00EF0589 /* Property List.plist in Resources */,
				1D8C410E1BF9CFD3006FA630 /* Setting.storyboard in Resources */,
			);
			runOnlyForDeploymentPostprocessing = 0;
		};
		1D8C40E81BF9AE5D006FA630 /* Resources */ = {
			isa = PBXResourcesBuildPhase;
			buildActionMask = 2147483647;
			files = (
			);
			runOnlyForDeploymentPostprocessing = 0;
		};
/* End PBXResourcesBuildPhase section */

/* Begin PBXShellScriptBuildPhase section */
		915D140779AC85A93C4B73BD /* Copy Pods Resources */ = {
			isa = PBXShellScriptBuildPhase;
			buildActionMask = 2147483647;
			files = (
			);
			inputPaths = (
			);
			name = "Copy Pods Resources";
			outputPaths = (
			);
			runOnlyForDeploymentPostprocessing = 0;
			shellPath = /bin/sh;
			shellScript = "\"${SRCROOT}/Pods/Target Support Files/Pods/Pods-resources.sh\"\n";
			showEnvVarsInLog = 0;
		};
		FA7C71400907AA6EFA351F16 /* Check Pods Manifest.lock */ = {
			isa = PBXShellScriptBuildPhase;
			buildActionMask = 2147483647;
			files = (
			);
			inputPaths = (
			);
			name = "Check Pods Manifest.lock";
			outputPaths = (
			);
			runOnlyForDeploymentPostprocessing = 0;
			shellPath = /bin/sh;
			shellScript = "diff \"${PODS_ROOT}/../Podfile.lock\" \"${PODS_ROOT}/Manifest.lock\" > /dev/null\nif [[ $? != 0 ]] ; then\n    cat << EOM\nerror: The sandbox is not in sync with the Podfile.lock. Run 'pod install' or update your CocoaPods installation.\nEOM\n    exit 1\nfi\n";
			showEnvVarsInLog = 0;
		};
/* End PBXShellScriptBuildPhase section */

/* Begin PBXSourcesBuildPhase section */
		1D8C40CA1BF9AE5D006FA630 /* Sources */ = {
			isa = PBXSourcesBuildPhase;
			buildActionMask = 2147483647;
			files = (
				C75051071BFACFF6009B301F /* ACSimpleKeychain.m in Sources */,
				C75275511BFC11A200E847C7 /* NEUABCounterView.m in Sources */,
				C7626AC11BFB1C5100EF0589 /* NEUABDevMngTableViewController.m in Sources */,
				C75275541BFC139100E847C7 /* NEUABThermometerView.m in Sources */,
				C752755A1BFC16FF00E847C7 /* NEUABThermometerSummaryView.m in Sources */,
				C75050FC1BFACEA3009B301F /* NEUABLogRegViewController.m in Sources */,
				1D8C41131BF9D78A006FA630 /* NEUABBaseViewController.m in Sources */,
				C7626AC21BFB1C5100EF0589 /* NEUABDevMngTableViewCell.m in Sources */,
				1D8C40D71BF9AE5D006FA630 /* AppDelegate.m in Sources */,
				C75050FD1BFACEA3009B301F /* NEUABResignViewController.m in Sources */,
				1D64BD081BFB0E1700D056AD /* NEUABDevMoniterViewController.m in Sources */,
				1D8C40DA1BF9AE5D006FA630 /* NeueduAirBox.xcdatamodeld in Sources */,
				C7626AC71BFB1CD000EF0589 /* NEUABEquipmentManageModel.m in Sources */,
				C75051031BFACF32009B301F /* MBProgressHUD+MoreExtentions.m in Sources */,
				C75275571BFC15DF00E847C7 /* NEUABThermometerTubeView.m in Sources */,
				C7626ACB1BFB1DAC00EF0589 /* NEUABAddDevMngViewController.m in Sources */,
				1D8C40FC1BF9C2A2006FA630 /* NEUABHomeViewController.m in Sources */,
				1D8C40D41BF9AE5D006FA630 /* main.m in Sources */,
			);
			runOnlyForDeploymentPostprocessing = 0;
		};
		1D8C40E61BF9AE5D006FA630 /* Sources */ = {
			isa = PBXSourcesBuildPhase;
			buildActionMask = 2147483647;
			files = (
				1D8C40F11BF9AE5E006FA630 /* NeueduAirBoxTests.m in Sources */,
			);
			runOnlyForDeploymentPostprocessing = 0;
		};
/* End PBXSourcesBuildPhase section */

/* Begin PBXTargetDependency section */
		1D8C40EC1BF9AE5D006FA630 /* PBXTargetDependency */ = {
			isa = PBXTargetDependency;
			target = 1D8C40CD1BF9AE5D006FA630 /* NeueduAirBox */;
			targetProxy = 1D8C40EB1BF9AE5D006FA630 /* PBXContainerItemProxy */;
		};
/* End PBXTargetDependency section */

/* Begin PBXVariantGroup section */
		1D8C40E31BF9AE5D006FA630 /* LaunchScreen.xib */ = {
			isa = PBXVariantGroup;
			children = (
				1D8C40E41BF9AE5D006FA630 /* Base */,
			);
			name = LaunchScreen.xib;
			sourceTree = "<group>";
		};
/* End PBXVariantGroup section */

/* Begin XCBuildConfiguration section */
		1D8C40F21BF9AE5E006FA630 /* Debug */ = {
			isa = XCBuildConfiguration;
			buildSettings = {
				ALWAYS_SEARCH_USER_PATHS = NO;
				CLANG_CXX_LANGUAGE_STANDARD = "gnu++0x";
				CLANG_CXX_LIBRARY = "libc++";
				CLANG_ENABLE_MODULES = YES;
				CLANG_ENABLE_OBJC_ARC = YES;
				CLANG_WARN_BOOL_CONVERSION = YES;
				CLANG_WARN_CONSTANT_CONVERSION = YES;
				CLANG_WARN_DIRECT_OBJC_ISA_USAGE = YES_ERROR;
				CLANG_WARN_EMPTY_BODY = YES;
				CLANG_WARN_ENUM_CONVERSION = YES;
				CLANG_WARN_INT_CONVERSION = YES;
				CLANG_WARN_OBJC_ROOT_CLASS = YES_ERROR;
				CLANG_WARN_UNREACHABLE_CODE = YES;
				CLANG_WARN__DUPLICATE_METHOD_MATCH = YES;
				"CODE_SIGN_IDENTITY[sdk=iphoneos*]" = "iPhone Developer";
				COPY_PHASE_STRIP = NO;
				DEBUG_INFORMATION_FORMAT = "dwarf-with-dsym";
				ENABLE_STRICT_OBJC_MSGSEND = YES;
				GCC_C_LANGUAGE_STANDARD = gnu99;
				GCC_DYNAMIC_NO_PIC = NO;
				GCC_NO_COMMON_BLOCKS = YES;
				GCC_OPTIMIZATION_LEVEL = 0;
				GCC_PREPROCESSOR_DEFINITIONS = (
					"DEBUG=1",
					"$(inherited)",
				);
				GCC_SYMBOLS_PRIVATE_EXTERN = NO;
				GCC_WARN_64_TO_32_BIT_CONVERSION = YES;
				GCC_WARN_ABOUT_RETURN_TYPE = YES_ERROR;
				GCC_WARN_UNDECLARED_SELECTOR = YES;
				GCC_WARN_UNINITIALIZED_AUTOS = YES_AGGRESSIVE;
				GCC_WARN_UNUSED_FUNCTION = YES;
				GCC_WARN_UNUSED_VARIABLE = YES;
				IPHONEOS_DEPLOYMENT_TARGET = 8.3;
				MTL_ENABLE_DEBUG_INFO = YES;
				ONLY_ACTIVE_ARCH = YES;
				SDKROOT = iphoneos;
			};
			name = Debug;
		};
		1D8C40F31BF9AE5E006FA630 /* Release */ = {
			isa = XCBuildConfiguration;
			buildSettings = {
				ALWAYS_SEARCH_USER_PATHS = NO;
				CLANG_CXX_LANGUAGE_STANDARD = "gnu++0x";
				CLANG_CXX_LIBRARY = "libc++";
				CLANG_ENABLE_MODULES = YES;
				CLANG_ENABLE_OBJC_ARC = YES;
				CLANG_WARN_BOOL_CONVERSION = YES;
				CLANG_WARN_CONSTANT_CONVERSION = YES;
				CLANG_WARN_DIRECT_OBJC_ISA_USAGE = YES_ERROR;
				CLANG_WARN_EMPTY_BODY = YES;
				CLANG_WARN_ENUM_CONVERSION = YES;
				CLANG_WARN_INT_CONVERSION = YES;
				CLANG_WARN_OBJC_ROOT_CLASS = YES_ERROR;
				CLANG_WARN_UNREACHABLE_CODE = YES;
				CLANG_WARN__DUPLICATE_METHOD_MATCH = YES;
				"CODE_SIGN_IDENTITY[sdk=iphoneos*]" = "iPhone Developer";
				COPY_PHASE_STRIP = NO;
				DEBUG_INFORMATION_FORMAT = "dwarf-with-dsym";
				ENABLE_NS_ASSERTIONS = NO;
				ENABLE_STRICT_OBJC_MSGSEND = YES;
				GCC_C_LANGUAGE_STANDARD = gnu99;
				GCC_NO_COMMON_BLOCKS = YES;
				GCC_WARN_64_TO_32_BIT_CONVERSION = YES;
				GCC_WARN_ABOUT_RETURN_TYPE = YES_ERROR;
				GCC_WARN_UNDECLARED_SELECTOR = YES;
				GCC_WARN_UNINITIALIZED_AUTOS = YES_AGGRESSIVE;
				GCC_WARN_UNUSED_FUNCTION = YES;
				GCC_WARN_UNUSED_VARIABLE = YES;
				IPHONEOS_DEPLOYMENT_TARGET = 8.3;
				MTL_ENABLE_DEBUG_INFO = NO;
				SDKROOT = iphoneos;
				VALIDATE_PRODUCT = YES;
			};
			name = Release;
		};
		1D8C40F51BF9AE5E006FA630 /* Debug */ = {
			isa = XCBuildConfiguration;
			baseConfigurationReference = 32417D847B8495B3B5C73AFB /* Pods.debug.xcconfig */;
			buildSettings = {
				ASSETCATALOG_COMPILER_APPICON_NAME = AppIcon;
				FRAMEWORK_SEARCH_PATHS = (
					"$(inherited)",
					"$(PROJECT_DIR)",
				);
				INFOPLIST_FILE = NeueduAirBox/Info.plist;
				LD_RUNPATH_SEARCH_PATHS = "$(inherited) @executable_path/Frameworks";
				PRODUCT_NAME = "$(TARGET_NAME)";
			};
			name = Debug;
		};
		1D8C40F61BF9AE5E006FA630 /* Release */ = {
			isa = XCBuildConfiguration;
			baseConfigurationReference = 50244E1DFCC68305C741E490 /* Pods.release.xcconfig */;
			buildSettings = {
				ASSETCATALOG_COMPILER_APPICON_NAME = AppIcon;
				FRAMEWORK_SEARCH_PATHS = (
					"$(inherited)",
					"$(PROJECT_DIR)",
				);
				INFOPLIST_FILE = NeueduAirBox/Info.plist;
				LD_RUNPATH_SEARCH_PATHS = "$(inherited) @executable_path/Frameworks";
				PRODUCT_NAME = "$(TARGET_NAME)";
			};
			name = Release;
		};
		1D8C40F81BF9AE5E006FA630 /* Debug */ = {
			isa = XCBuildConfiguration;
			buildSettings = {
				BUNDLE_LOADER = "$(TEST_HOST)";
				FRAMEWORK_SEARCH_PATHS = (
					"$(SDKROOT)/Developer/Library/Frameworks",
					"$(inherited)",
				);
				GCC_PREPROCESSOR_DEFINITIONS = (
					"DEBUG=1",
					"$(inherited)",
				);
				INFOPLIST_FILE = NeueduAirBoxTests/Info.plist;
				LD_RUNPATH_SEARCH_PATHS = "$(inherited) @executable_path/Frameworks @loader_path/Frameworks";
				PRODUCT_NAME = "$(TARGET_NAME)";
				TEST_HOST = "$(BUILT_PRODUCTS_DIR)/NeueduAirBox.app/NeueduAirBox";
			};
			name = Debug;
		};
		1D8C40F91BF9AE5E006FA630 /* Release */ = {
			isa = XCBuildConfiguration;
			buildSettings = {
				BUNDLE_LOADER = "$(TEST_HOST)";
				FRAMEWORK_SEARCH_PATHS = (
					"$(SDKROOT)/Developer/Library/Frameworks",
					"$(inherited)",
				);
				INFOPLIST_FILE = NeueduAirBoxTests/Info.plist;
				LD_RUNPATH_SEARCH_PATHS = "$(inherited) @executable_path/Frameworks @loader_path/Frameworks";
				PRODUCT_NAME = "$(TARGET_NAME)";
				TEST_HOST = "$(BUILT_PRODUCTS_DIR)/NeueduAirBox.app/NeueduAirBox";
			};
			name = Release;
		};
/* End XCBuildConfiguration section */

/* Begin XCConfigurationList section */
		1D8C40C91BF9AE5D006FA630 /* Build configuration list for PBXProject "NeueduAirBox" */ = {
			isa = XCConfigurationList;
			buildConfigurations = (
				1D8C40F21BF9AE5E006FA630 /* Debug */,
				1D8C40F31BF9AE5E006FA630 /* Release */,
			);
			defaultConfigurationIsVisible = 0;
			defaultConfigurationName = Release;
		};
		1D8C40F41BF9AE5E006FA630 /* Build configuration list for PBXNativeTarget "NeueduAirBox" */ = {
			isa = XCConfigurationList;
			buildConfigurations = (
				1D8C40F51BF9AE5E006FA630 /* Debug */,
				1D8C40F61BF9AE5E006FA630 /* Release */,
			);
			defaultConfigurationIsVisible = 0;
			defaultConfigurationName = Release;
		};
		1D8C40F71BF9AE5E006FA630 /* Build configuration list for PBXNativeTarget "NeueduAirBoxTests" */ = {
			isa = XCConfigurationList;
			buildConfigurations = (
				1D8C40F81BF9AE5E006FA630 /* Debug */,
				1D8C40F91BF9AE5E006FA630 /* Release */,
			);
			defaultConfigurationIsVisible = 0;
			defaultConfigurationName = Release;
		};
/* End XCConfigurationList section */

/* Begin XCVersionGroup section */
		1D8C40D81BF9AE5D006FA630 /* NeueduAirBox.xcdatamodeld */ = {
			isa = XCVersionGroup;
			children = (
				1D8C40D91BF9AE5D006FA630 /* NeueduAirBox.xcdatamodel */,
			);
			currentVersion = 1D8C40D91BF9AE5D006FA630 /* NeueduAirBox.xcdatamodel */;
			path = NeueduAirBox.xcdatamodeld;
			sourceTree = "<group>";
			versionGroupType = wrapper.xcdatamodel;
		};
/* End XCVersionGroup section */
	};
	rootObject = 1D8C40C61BF9AE5D006FA630 /* Project object */;
}
